
Microsoft Visual Studio Solution File, Format Version 12.00
# Visual Studio Version 16
VisualStudioVersion = 16.0.30128.74
MinimumVisualStudioVersion = 10.0.40219.1
Project("{FAE04EC0-301F-11D3-BF4B-00C04F79EFBC}") = "BeanstalkExample", "BeanstalkExample\BeanstalkExample.csproj", "{C0647D81-D194-44F3-A89B-E88368CD6665}"
EndProject
Project("{9A19103F-16F7-4668-BE54-9A1E7A4F7556}") = "BeanstalkExample.Core", "BeanstalkExample.Core\BeanstalkExample.Core.csproj", "{15CA3453-1204-4B42-B282-16F978B9161A}"
EndProject
Project("{2150E333-8FDC-42A3-9474-1A3956D46DE8}") = "CodeBuild", "CodeBuild", "{276C6183-5440-41DA-BCAF-82AFE2427BE5}"
	ProjectSection(SolutionItems) = preProject
		buildSpec.yml = buildSpec.yml
	EndProjectSection
EndProject
Global
	GlobalSection(SolutionConfigurationPlatforms) = preSolution
		Debug|Any CPU = Debug|Any CPU
		Release|Any CPU = Release|Any CPU
	EndGlobalSection
	GlobalSection(ProjectConfigurationPlatforms) = postSolution
		{C0647D81-D194-44F3-A89B-E88368CD6665}.Debug|Any CPU.ActiveCfg = Debug|Any CPU
		{C0647D81-D194-44F3-A89B-E88368CD6665}.Debug|Any CPU.Build.0 = Debug|Any CPU
		{C0647D81-D194-44F3-A89B-E88368CD6665}.Release|Any CPU.ActiveCfg = Release|Any CPU
		{C0647D81-D194-44F3-A89B-E88368CD6665}.Release|Any CPU.Build.0 = Release|Any CPU
		{15CA3453-1204-4B42-B282-16F978B9161A}.Debug|Any CPU.ActiveCfg = Debug|Any CPU
		{15CA3453-1204-4B42-B282-16F978B9161A}.Debug|Any CPU.Build.0 = Debug|Any CPU
		{15CA3453-1204-4B42-B282-16F978B9161A}.Release|Any CPU.ActiveCfg = Release|Any CPU
		{15CA3453-1204-4B42-B282-16F978B9161A}.Release|Any CPU.Build.0 = Release|Any CPU
	EndGlobalSection
	GlobalSection(SolutionProperties) = preSolution
		HideSolutionNode = FALSE
	EndGlobalSection
	GlobalSection(ExtensibilityGlobals) = postSolution
		SolutionGuid = {41D67C16-1152-4031-8733-E8A70B4101E8}
	EndGlobalSection
EndGlobal
